
Microsoft Visual Studio Solution File, Format Version 12.00
Project("{FAE04EC0-301F-11D3-BF4B-00C04F79EFBC}") = "GarageBooking", "GarageBooking\GarageBooking.csproj", "{DA041F3C-179C-4239-870D-910766FE7141}"
EndProject
Project("{FAE04EC0-301F-11D3-BF4B-00C04F79EFBC}") = "GarageBookingTests", "GarageBookingTests\GarageBookingTests.csproj", "{8B8597B9-57D7-43CA-887E-156609DE5784}"
EndProject
Global
	GlobalSection(SolutionConfigurationPlatforms) = preSolution
		Debug|Any CPU = Debug|Any CPU
		Release|Any CPU = Release|Any CPU
	EndGlobalSection
	GlobalSection(ProjectConfigurationPlatforms) = postSolution
		{DA041F3C-179C-4239-870D-910766FE7141}.Debug|Any CPU.ActiveCfg = Debug|Any CPU
		{DA041F3C-179C-4239-870D-910766FE7141}.Debug|Any CPU.Build.0 = Debug|Any CPU
		{DA041F3C-179C-4239-870D-910766FE7141}.Release|Any CPU.ActiveCfg = Release|Any CPU
		{DA041F3C-179C-4239-870D-910766FE7141}.Release|Any CPU.Build.0 = Release|Any CPU
		{8B8597B9-57D7-43CA-887E-156609DE5784}.Debug|Any CPU.ActiveCfg = Debug|Any CPU
		{8B8597B9-57D7-43CA-887E-156609DE5784}.Debug|Any CPU.Build.0 = Debug|Any CPU
		{8B8597B9-57D7-43CA-887E-156609DE5784}.Release|Any CPU.ActiveCfg = Release|Any CPU
		{8B8597B9-57D7-43CA-887E-156609DE5784}.Release|Any CPU.Build.0 = Release|Any CPU
	EndGlobalSection
EndGlobal
